{
  "name": "projeto",
  "version": "1.0.0",
  "lockfileVersion": 3,
  "requires": true,
  "packages": {
    "": {
      "name": "projeto",
      "version": "1.0.0",
      "license": "ISC",
      "dependencies": {
        "express": "file:.16.2"
      }
    },
    ".16.2": {},
    "node_modules/express": {
      "resolved": ".16.2",
      "link": true
    }
  }
}
